
Microsoft Visual Studio Solution File, Format Version 12.00
# Visual Studio 15
VisualStudioVersion = 15.0.26228.4
MinimumVisualStudioVersion = 10.0.40219.1
Project("{FAE04EC0-301F-11D3-BF4B-00C04F79EFBC}") = "WorkoutTracker.Service", "WorkoutTrackerAPI\WorkoutTracker.Service.csproj", "{150F3DE9-F24C-41C4-9D69-374736F9E4F5}"
EndProject
Project("{FAE04EC0-301F-11D3-BF4B-00C04F79EFBC}") = "WorkoutTracker.Tests", "WorkoutTrackerAPI.Tests\WorkoutTracker.Tests.csproj", "{CB08C4D3-B446-4B9F-B0E0-15D749C74827}"
EndProject
Project("{FAE04EC0-301F-11D3-BF4B-00C04F79EFBC}") = "WorkoutTracker.Data", "WorkoutTracker.Data\WorkoutTracker.Data.csproj", "{F08B2C04-5C1F-4505-B3BA-A0797A20C4CF}"
EndProject
Global
	GlobalSection(SolutionConfigurationPlatforms) = preSolution
		Debug|Any CPU = Debug|Any CPU
		Release|Any CPU = Release|Any CPU
	EndGlobalSection
	GlobalSection(ProjectConfigurationPlatforms) = postSolution
		{150F3DE9-F24C-41C4-9D69-374736F9E4F5}.Debug|Any CPU.ActiveCfg = Debug|Any CPU
		{150F3DE9-F24C-41C4-9D69-374736F9E4F5}.Debug|Any CPU.Build.0 = Debug|Any CPU
		{150F3DE9-F24C-41C4-9D69-374736F9E4F5}.Release|Any CPU.ActiveCfg = Release|Any CPU
		{150F3DE9-F24C-41C4-9D69-374736F9E4F5}.Release|Any CPU.Build.0 = Release|Any CPU
		{CB08C4D3-B446-4B9F-B0E0-15D749C74827}.Debug|Any CPU.ActiveCfg = Debug|Any CPU
		{CB08C4D3-B446-4B9F-B0E0-15D749C74827}.Debug|Any CPU.Build.0 = Debug|Any CPU
		{CB08C4D3-B446-4B9F-B0E0-15D749C74827}.Release|Any CPU.ActiveCfg = Release|Any CPU
		{CB08C4D3-B446-4B9F-B0E0-15D749C74827}.Release|Any CPU.Build.0 = Release|Any CPU
		{F08B2C04-5C1F-4505-B3BA-A0797A20C4CF}.Debug|Any CPU.ActiveCfg = Debug|Any CPU
		{F08B2C04-5C1F-4505-B3BA-A0797A20C4CF}.Debug|Any CPU.Build.0 = Debug|Any CPU
		{F08B2C04-5C1F-4505-B3BA-A0797A20C4CF}.Release|Any CPU.ActiveCfg = Release|Any CPU
		{F08B2C04-5C1F-4505-B3BA-A0797A20C4CF}.Release|Any CPU.Build.0 = Release|Any CPU
	EndGlobalSection
	GlobalSection(SolutionProperties) = preSolution
		HideSolutionNode = FALSE
	EndGlobalSection
	GlobalSection(ExtensibilityGlobals) = postSolution
		SolutionGuid = {678FACF1-815F-4FFD-A017-7A310863F54B}
	EndGlobalSection
EndGlobal
